# This file is automatically @generated by Cargo.
# It is not intended for manual editing.
[[package]]
name = "cli"
version = "0.1.0"
dependencies = [
 "seahorse",
]

[[package]]
name = "seahorse"
version = "1.0.0"
source = "registry+https://github.com/rust-lang/crates.io-index"
checksum = "48badc1e4709936b554463f45691c5c5d667c2203a6872aa4283bc14bed3e9c7"
